
Microsoft Visual Studio Solution File, Format Version 12.00
# Visual Studio Version 16
VisualStudioVersion = 16.0.30523.141
MinimumVisualStudioVersion = 10.0.40219.1
Project("{FAE04EC0-301F-11D3-BF4B-00C04F79EFBC}") = "msaleswebmvc", "msaleswebmvc\msaleswebmvc.csproj", "{5D9D22A6-A266-4F42-B57D-4516CD51C3DC}"
EndProject
Global
	GlobalSection(SolutionConfigurationPlatforms) = preSolution
		Debug|Any CPU = Debug|Any CPU
		Release|Any CPU = Release|Any CPU
	EndGlobalSection
	GlobalSection(ProjectConfigurationPlatforms) = postSolution
		{5D9D22A6-A266-4F42-B57D-4516CD51C3DC}.Debug|Any CPU.ActiveCfg = Debug|Any CPU
		{5D9D22A6-A266-4F42-B57D-4516CD51C3DC}.Debug|Any CPU.Build.0 = Debug|Any CPU
		{5D9D22A6-A266-4F42-B57D-4516CD51C3DC}.Release|Any CPU.ActiveCfg = Release|Any CPU
		{5D9D22A6-A266-4F42-B57D-4516CD51C3DC}.Release|Any CPU.Build.0 = Release|Any CPU
	EndGlobalSection
	GlobalSection(SolutionProperties) = preSolution
		HideSolutionNode = FALSE
	EndGlobalSection
	GlobalSection(ExtensibilityGlobals) = postSolution
		SolutionGuid = {3DACCE39-2D6C-457E-8FFB-16ADBD9EA1F5}
	EndGlobalSection
EndGlobal
